// !$*UTF8*$!
{
	archiveVersion = 1;
	classes = {
	};
	objectVersion = 46;
	objects = {

/* Begin PBXBuildFile section */
		5B13D27C15C7C93900C1985E /* TBAddViewController.m in Sources */ = {isa = PBXBuildFile; fileRef = 5B13D27A15C7C93900C1985E /* TBAddViewController.m */; };
		5B13D27D15C7C93900C1985E /* TBAddViewController.xib in Resources */ = {isa = PBXBuildFile; fileRef = 5B13D27B15C7C93900C1985E /* TBAddViewController.xib */; };
		5B1BE9B315C2F06F00CD791C /* UIKit.framework in Frameworks */ = {isa = PBXBuildFile; fileRef = 5B1BE9B215C2F06F00CD791C /* UIKit.framework */; };
		5B1BE9B515C2F06F00CD791C /* Foundation.framework in Frameworks */ = {isa = PBXBuildFile; fileRef = 5B1BE9B415C2F06F00CD791C /* Foundation.framework */; };
		5B1BE9B715C2F06F00CD791C /* CoreGraphics.framework in Frameworks */ = {isa = PBXBuildFile; fileRef = 5B1BE9B615C2F06F00CD791C /* CoreGraphics.framework */; };
		5B1BE9BD15C2F06F00CD791C /* InfoPlist.strings in Resources */ = {isa = PBXBuildFile; fileRef = 5B1BE9BB15C2F06F00CD791C /* InfoPlist.strings */; };
		5B1BE9BF15C2F06F00CD791C /* main.m in Sources */ = {isa = PBXBuildFile; fileRef = 5B1BE9BE15C2F06F00CD791C /* main.m */; };
		5B1BE9C315C2F06F00CD791C /* TBAppDelegate.m in Sources */ = {isa = PBXBuildFile; fileRef = 5B1BE9C215C2F06F00CD791C /* TBAppDelegate.m */; };
		5B1F877415C6D48700CF1684 /* TBTableViewController.m in Sources */ = {isa = PBXBuildFile; fileRef = 5B1F877215C6D48700CF1684 /* TBTableViewController.m */; };
		5B1F877515C6D48700CF1684 /* TBTableViewController.xib in Resources */ = {isa = PBXBuildFile; fileRef = 5B1F877315C6D48700CF1684 /* TBTableViewController.xib */; };
		5B1F877915C6DD1700CF1684 /* TBDetailViewController.m in Sources */ = {isa = PBXBuildFile; fileRef = 5B1F877715C6DD1600CF1684 /* TBDetailViewController.m */; };
		5B1F877A15C6DD1700CF1684 /* TBDetailViewController.xib in Resources */ = {isa = PBXBuildFile; fileRef = 5B1F877815C6DD1600CF1684 /* TBDetailViewController.xib */; };
		5B4227E515C9823E000B6FE0 /* TBSignupViewController.m in Sources */ = {isa = PBXBuildFile; fileRef = 5B4227E315C9823E000B6FE0 /* TBSignupViewController.m */; };
		5B4227E615C9823E000B6FE0 /* TBSignupViewController.xib in Resources */ = {isa = PBXBuildFile; fileRef = 5B4227E415C9823E000B6FE0 /* TBSignupViewController.xib */; };
		5B482C9215C677E200D80691 /* TastypieEngine.m in Sources */ = {isa = PBXBuildFile; fileRef = 5B482C9115C677E200D80691 /* TastypieEngine.m */; };
		5B482C9615C67F8E00D80691 /* Security.framework in Frameworks */ = {isa = PBXBuildFile; fileRef = 5B482C9515C67F8E00D80691 /* Security.framework */; };
		5B482C9815C67F9900D80691 /* SystemConfiguration.framework in Frameworks */ = {isa = PBXBuildFile; fileRef = 5B482C9715C67F9800D80691 /* SystemConfiguration.framework */; };
		5B482C9A15C67FA000D80691 /* CFNetwork.framework in Frameworks */ = {isa = PBXBuildFile; fileRef = 5B482C9915C67FA000D80691 /* CFNetwork.framework */; };
		5BB9E4B915C8BD5500825D7C /* bg-yellow.png in Resources */ = {isa = PBXBuildFile; fileRef = 5BB9E4B515C8BD5500825D7C /* bg-yellow.png */; };
		5BB9E4BA15C8BD5500825D7C /* bg-yellow@2x.png in Resources */ = {isa = PBXBuildFile; fileRef = 5BB9E4B615C8BD5500825D7C /* bg-yellow@2x.png */; };
		5BB9E4BB15C8BD5500825D7C /* YRDropdownView.m in Sources */ = {isa = PBXBuildFile; fileRef = 5BB9E4B815C8BD5500825D7C /* YRDropdownView.m */; };
		5BB9E4C115C8BD7B00825D7C /* CHANGELOG.md in Resources */ = {isa = PBXBuildFile; fileRef = 5BB9E4BD15C8BD7B00825D7C /* CHANGELOG.md */; };
		5BB9E4C215C8BD7B00825D7C /* JSONKit.m in Sources */ = {isa = PBXBuildFile; fileRef = 5BB9E4BF15C8BD7B00825D7C /* JSONKit.m */; settings = {COMPILER_FLAGS = "-fno-objc-arc"; }; };
		5BB9E4C315C8BD7B00825D7C /* README.md in Resources */ = {isa = PBXBuildFile; fileRef = 5BB9E4C015C8BD7B00825D7C /* README.md */; };
		5BB9E4D815C8BDC600825D7C /* NSData+Base64.m in Sources */ = {isa = PBXBuildFile; fileRef = 5BB9E4C715C8BDC600825D7C /* NSData+Base64.m */; };
		5BB9E4D915C8BDC600825D7C /* NSDate+RFC1123.m in Sources */ = {isa = PBXBuildFile; fileRef = 5BB9E4C915C8BDC600825D7C /* NSDate+RFC1123.m */; };
		5BB9E4DA15C8BDC600825D7C /* NSDictionary+RequestEncoding.m in Sources */ = {isa = PBXBuildFile; fileRef = 5BB9E4CB15C8BDC600825D7C /* NSDictionary+RequestEncoding.m */; };
		5BB9E4DB15C8BDC600825D7C /* NSString+MKNetworkKitAdditions.m in Sources */ = {isa = PBXBuildFile; fileRef = 5BB9E4CD15C8BDC600825D7C /* NSString+MKNetworkKitAdditions.m */; };
		5BB9E4DC15C8BDC600825D7C /* UIAlertView+MKNetworkKitAdditions.m in Sources */ = {isa = PBXBuildFile; fileRef = 5BB9E4CF15C8BDC600825D7C /* UIAlertView+MKNetworkKitAdditions.m */; };
		5BB9E4DD15C8BDC600825D7C /* MKNetworkEngine.m in Sources */ = {isa = PBXBuildFile; fileRef = 5BB9E4D115C8BDC600825D7C /* MKNetworkEngine.m */; };
		5BB9E4DE15C8BDC600825D7C /* MKNetworkOperation.m in Sources */ = {isa = PBXBuildFile; fileRef = 5BB9E4D415C8BDC600825D7C /* MKNetworkOperation.m */; };
		5BB9E4DF15C8BDC600825D7C /* Reachability.m in Sources */ = {isa = PBXBuildFile; fileRef = 5BB9E4D715C8BDC600825D7C /* Reachability.m */; };
		5BEE44D615C94BAA0058B0A4 /* TBTabBarController.m in Sources */ = {isa = PBXBuildFile; fileRef = 5BEE44D415C94BAA0058B0A4 /* TBTabBarController.m */; };
		5BEE44D715C94BAA0058B0A4 /* TBTabBarController.xib in Resources */ = {isa = PBXBuildFile; fileRef = 5BEE44D515C94BAA0058B0A4 /* TBTabBarController.xib */; };
		5BEE44DC15C94DA00058B0A4 /* TBPrefViewController.m in Sources */ = {isa = PBXBuildFile; fileRef = 5BEE44DA15C94D9F0058B0A4 /* TBPrefViewController.m */; };
		5BEE44DD15C94DA00058B0A4 /* TBPrefViewController.xib in Resources */ = {isa = PBXBuildFile; fileRef = 5BEE44DB15C94D9F0058B0A4 /* TBPrefViewController.xib */; };
/* End PBXBuildFile section */

/* Begin PBXFileReference section */
		5B13D27915C7C93900C1985E /* TBAddViewController.h */ = {isa = PBXFileReference; fileEncoding = 4; lastKnownFileType = sourcecode.c.h; path = TBAddViewController.h; sourceTree = "<group>"; };
		5B13D27A15C7C93900C1985E /* TBAddViewController.m */ = {isa = PBXFileReference; fileEncoding = 4; lastKnownFileType = sourcecode.c.objc; path = TBAddViewController.m; sourceTree = "<group>"; };
		5B13D27B15C7C93900C1985E /* TBAddViewController.xib */ = {isa = PBXFileReference; fileEncoding = 4; lastKnownFileType = file.xib; path = TBAddViewController.xib; sourceTree = "<group>"; };
		5B1BE9AE15C2F06E00CD791C /* TastypieClient.app */ = {isa = PBXFileReference; explicitFileType = wrapper.application; includeInIndex = 0; path = TastypieClient.app; sourceTree = BUILT_PRODUCTS_DIR; };
		5B1BE9B215C2F06F00CD791C /* UIKit.framework */ = {isa = PBXFileReference; lastKnownFileType = wrapper.framework; name = UIKit.framework; path = System/Library/Frameworks/UIKit.framework; sourceTree = SDKROOT; };
		5B1BE9B415C2F06F00CD791C /* Foundation.framework */ = {isa = PBXFileReference; lastKnownFileType = wrapper.framework; name = Foundation.framework; path = System/Library/Frameworks/Foundation.framework; sourceTree = SDKROOT; };
		5B1BE9B615C2F06F00CD791C /* CoreGraphics.framework */ = {isa = PBXFileReference; lastKnownFileType = wrapper.framework; name = CoreGraphics.framework; path = System/Library/Frameworks/CoreGraphics.framework; sourceTree = SDKROOT; };
		5B1BE9BA15C2F06F00CD791C /* TastypieClient-Info.plist */ = {isa = PBXFileReference; lastKnownFileType = text.plist.xml; path = "TastypieClient-Info.plist"; sourceTree = "<group>"; };
		5B1BE9BC15C2F06F00CD791C /* en */ = {isa = PBXFileReference; lastKnownFileType = text.plist.strings; name = en; path = en.lproj/InfoPlist.strings; sourceTree = "<group>"; };
		5B1BE9BE15C2F06F00CD791C /* main.m */ = {isa = PBXFileReference; lastKnownFileType = sourcecode.c.objc; path = main.m; sourceTree = "<group>"; };
		5B1BE9C015C2F06F00CD791C /* TastypieClient-Prefix.pch */ = {isa = PBXFileReference; lastKnownFileType = sourcecode.c.h; path = "TastypieClient-Prefix.pch"; sourceTree = "<group>"; };
		5B1BE9C115C2F06F00CD791C /* TBAppDelegate.h */ = {isa = PBXFileReference; lastKnownFileType = sourcecode.c.h; path = TBAppDelegate.h; sourceTree = "<group>"; };
		5B1BE9C215C2F06F00CD791C /* TBAppDelegate.m */ = {isa = PBXFileReference; lastKnownFileType = sourcecode.c.objc; path = TBAppDelegate.m; sourceTree = "<group>"; };
		5B1F877115C6D48700CF1684 /* TBTableViewController.h */ = {isa = PBXFileReference; fileEncoding = 4; lastKnownFileType = sourcecode.c.h; path = TBTableViewController.h; sourceTree = "<group>"; };
		5B1F877215C6D48700CF1684 /* TBTableViewController.m */ = {isa = PBXFileReference; fileEncoding = 4; lastKnownFileType = sourcecode.c.objc; path = TBTableViewController.m; sourceTree = "<group>"; };
		5B1F877315C6D48700CF1684 /* TBTableViewController.xib */ = {isa = PBXFileReference; fileEncoding = 4; lastKnownFileType = file.xib; path = TBTableViewController.xib; sourceTree = "<group>"; };
		5B1F877615C6DD1600CF1684 /* TBDetailViewController.h */ = {isa = PBXFileReference; fileEncoding = 4; lastKnownFileType = sourcecode.c.h; path = TBDetailViewController.h; sourceTree = "<group>"; };
		5B1F877715C6DD1600CF1684 /* TBDetailViewController.m */ = {isa = PBXFileReference; fileEncoding = 4; lastKnownFileType = sourcecode.c.objc; path = TBDetailViewController.m; sourceTree = "<group>"; };
		5B1F877815C6DD1600CF1684 /* TBDetailViewController.xib */ = {isa = PBXFileReference; fileEncoding = 4; lastKnownFileType = file.xib; path = TBDetailViewController.xib; sourceTree = "<group>"; };
		5B4227E215C9823E000B6FE0 /* TBSignupViewController.h */ = {isa = PBXFileReference; fileEncoding = 4; lastKnownFileType = sourcecode.c.h; path = TBSignupViewController.h; sourceTree = "<group>"; };
		5B4227E315C9823E000B6FE0 /* TBSignupViewController.m */ = {isa = PBXFileReference; fileEncoding = 4; lastKnownFileType = sourcecode.c.objc; path = TBSignupViewController.m; sourceTree = "<group>"; };
		5B4227E415C9823E000B6FE0 /* TBSignupViewController.xib */ = {isa = PBXFileReference; fileEncoding = 4; lastKnownFileType = file.xib; path = TBSignupViewController.xib; sourceTree = "<group>"; };
		5B482C9015C677E200D80691 /* TastypieEngine.h */ = {isa = PBXFileReference; fileEncoding = 4; lastKnownFileType = sourcecode.c.h; path = TastypieEngine.h; sourceTree = "<group>"; };
		5B482C9115C677E200D80691 /* TastypieEngine.m */ = {isa = PBXFileReference; fileEncoding = 4; lastKnownFileType = sourcecode.c.objc; path = TastypieEngine.m; sourceTree = "<group>"; };
		5B482C9515C67F8E00D80691 /* Security.framework */ = {isa = PBXFileReference; lastKnownFileType = wrapper.framework; name = Security.framework; path = System/Library/Frameworks/Security.framework; sourceTree = SDKROOT; };
		5B482C9715C67F9800D80691 /* SystemConfiguration.framework */ = {isa = PBXFileReference; lastKnownFileType = wrapper.framework; name = SystemConfiguration.framework; path = System/Library/Frameworks/SystemConfiguration.framework; sourceTree = SDKROOT; };
		5B482C9915C67FA000D80691 /* CFNetwork.framework */ = {isa = PBXFileReference; lastKnownFileType = wrapper.framework; name = CFNetwork.framework; path = System/Library/Frameworks/CFNetwork.framework; sourceTree = SDKROOT; };
		5BB9E4B515C8BD5500825D7C /* bg-yellow.png */ = {isa = PBXFileReference; lastKnownFileType = image.png; path = "bg-yellow.png"; sourceTree = "<group>"; };
		5BB9E4B615C8BD5500825D7C /* bg-yellow@2x.png */ = {isa = PBXFileReference; lastKnownFileType = image.png; path = "bg-yellow@2x.png"; sourceTree = "<group>"; };
		5BB9E4B715C8BD5500825D7C /* YRDropdownView.h */ = {isa = PBXFileReference; fileEncoding = 4; lastKnownFileType = sourcecode.c.h; path = YRDropdownView.h; sourceTree = "<group>"; };
		5BB9E4B815C8BD5500825D7C /* YRDropdownView.m */ = {isa = PBXFileReference; fileEncoding = 4; lastKnownFileType = sourcecode.c.objc; path = YRDropdownView.m; sourceTree = "<group>"; };
		5BB9E4BD15C8BD7B00825D7C /* CHANGELOG.md */ = {isa = PBXFileReference; fileEncoding = 4; lastKnownFileType = text; path = CHANGELOG.md; sourceTree = "<group>"; };
		5BB9E4BE15C8BD7B00825D7C /* JSONKit.h */ = {isa = PBXFileReference; fileEncoding = 4; lastKnownFileType = sourcecode.c.h; path = JSONKit.h; sourceTree = "<group>"; };
		5BB9E4BF15C8BD7B00825D7C /* JSONKit.m */ = {isa = PBXFileReference; fileEncoding = 4; lastKnownFileType = sourcecode.c.objc; path = JSONKit.m; sourceTree = "<group>"; };
		5BB9E4C015C8BD7B00825D7C /* README.md */ = {isa = PBXFileReference; fileEncoding = 4; lastKnownFileType = text; path = README.md; sourceTree = "<group>"; };
		5BB9E4C615C8BDC600825D7C /* NSData+Base64.h */ = {isa = PBXFileReference; fileEncoding = 4; lastKnownFileType = sourcecode.c.h; path = "NSData+Base64.h"; sourceTree = "<group>"; };
		5BB9E4C715C8BDC600825D7C /* NSData+Base64.m */ = {isa = PBXFileReference; fileEncoding = 4; lastKnownFileType = sourcecode.c.objc; path = "NSData+Base64.m"; sourceTree = "<group>"; };
		5BB9E4C815C8BDC600825D7C /* NSDate+RFC1123.h */ = {isa = PBXFileReference; fileEncoding = 4; lastKnownFileType = sourcecode.c.h; path = "NSDate+RFC1123.h"; sourceTree = "<group>"; };
		5BB9E4C915C8BDC600825D7C /* NSDate+RFC1123.m */ = {isa = PBXFileReference; fileEncoding = 4; lastKnownFileType = sourcecode.c.objc; path = "NSDate+RFC1123.m"; sourceTree = "<group>"; };
		5BB9E4CA15C8BDC600825D7C /* NSDictionary+RequestEncoding.h */ = {isa = PBXFileReference; fileEncoding = 4; lastKnownFileType = sourcecode.c.h; path = "NSDictionary+RequestEncoding.h"; sourceTree = "<group>"; };
		5BB9E4CB15C8BDC600825D7C /* NSDictionary+RequestEncoding.m */ = {isa = PBXFileReference; fileEncoding = 4; lastKnownFileType = sourcecode.c.objc; path = "NSDictionary+RequestEncoding.m"; sourceTree = "<group>"; };
		5BB9E4CC15C8BDC600825D7C /* NSString+MKNetworkKitAdditions.h */ = {isa = PBXFileReference; fileEncoding = 4; lastKnownFileType = sourcecode.c.h; path = "NSString+MKNetworkKitAdditions.h"; sourceTree = "<group>"; };
		5BB9E4CD15C8BDC600825D7C /* NSString+MKNetworkKitAdditions.m */ = {isa = PBXFileReference; fileEncoding = 4; lastKnownFileType = sourcecode.c.objc; path = "NSString+MKNetworkKitAdditions.m"; sourceTree = "<group>"; };
		5BB9E4CE15C8BDC600825D7C /* UIAlertView+MKNetworkKitAdditions.h */ = {isa = PBXFileReference; fileEncoding = 4; lastKnownFileType = sourcecode.c.h; path = "UIAlertView+MKNetworkKitAdditions.h"; sourceTree = "<group>"; };
		5BB9E4CF15C8BDC600825D7C /* UIAlertView+MKNetworkKitAdditions.m */ = {isa = PBXFileReference; fileEncoding = 4; lastKnownFileType = sourcecode.c.objc; path = "UIAlertView+MKNetworkKitAdditions.m"; sourceTree = "<group>"; };
		5BB9E4D015C8BDC600825D7C /* MKNetworkEngine.h */ = {isa = PBXFileReference; fileEncoding = 4; lastKnownFileType = sourcecode.c.h; path = MKNetworkEngine.h; sourceTree = "<group>"; };
		5BB9E4D115C8BDC600825D7C /* MKNetworkEngine.m */ = {isa = PBXFileReference; fileEncoding = 4; lastKnownFileType = sourcecode.c.objc; path = MKNetworkEngine.m; sourceTree = "<group>"; };
		5BB9E4D215C8BDC600825D7C /* MKNetworkKit.h */ = {isa = PBXFileReference; fileEncoding = 4; lastKnownFileType = sourcecode.c.h; path = MKNetworkKit.h; sourceTree = "<group>"; };
		5BB9E4D315C8BDC600825D7C /* MKNetworkOperation.h */ = {isa = PBXFileReference; fileEncoding = 4; lastKnownFileType = sourcecode.c.h; path = MKNetworkOperation.h; sourceTree = "<group>"; };
		5BB9E4D415C8BDC600825D7C /* MKNetworkOperation.m */ = {isa = PBXFileReference; fileEncoding = 4; lastKnownFileType = sourcecode.c.objc; path = MKNetworkOperation.m; sourceTree = "<group>"; };
		5BB9E4D615C8BDC600825D7C /* Reachability.h */ = {isa = PBXFileReference; fileEncoding = 4; lastKnownFileType = sourcecode.c.h; path = Reachability.h; sourceTree = "<group>"; };
		5BB9E4D715C8BDC600825D7C /* Reachability.m */ = {isa = PBXFileReference; fileEncoding = 4; lastKnownFileType = sourcecode.c.objc; path = Reachability.m; sourceTree = "<group>"; };
		5BEE44D315C94BAA0058B0A4 /* TBTabBarController.h */ = {isa = PBXFileReference; fileEncoding = 4; lastKnownFileType = sourcecode.c.h; path = TBTabBarController.h; sourceTree = "<group>"; };
		5BEE44D415C94BAA0058B0A4 /* TBTabBarController.m */ = {isa = PBXFileReference; fileEncoding = 4; lastKnownFileType = sourcecode.c.objc; path = TBTabBarController.m; sourceTree = "<group>"; };
		5BEE44D515C94BAA0058B0A4 /* TBTabBarController.xib */ = {isa = PBXFileReference; fileEncoding = 4; lastKnownFileType = file.xib; path = TBTabBarController.xib; sourceTree = "<group>"; };
		5BEE44D915C94D9F0058B0A4 /* TBPrefViewController.h */ = {isa = PBXFileReference; fileEncoding = 4; lastKnownFileType = sourcecode.c.h; path = TBPrefViewController.h; sourceTree = "<group>"; };
		5BEE44DA15C94D9F0058B0A4 /* TBPrefViewController.m */ = {isa = PBXFileReference; fileEncoding = 4; lastKnownFileType = sourcecode.c.objc; path = TBPrefViewController.m; sourceTree = "<group>"; };
		5BEE44DB15C94D9F0058B0A4 /* TBPrefViewController.xib */ = {isa = PBXFileReference; fileEncoding = 4; lastKnownFileType = file.xib; path = TBPrefViewController.xib; sourceTree = "<group>"; };
/* End PBXFileReference section */

/* Begin PBXFrameworksBuildPhase section */
		5B1BE9AB15C2F06E00CD791C /* Frameworks */ = {
			isa = PBXFrameworksBuildPhase;
			buildActionMask = 2147483647;
			files = (
				5B482C9A15C67FA000D80691 /* CFNetwork.framework in Frameworks */,
				5B482C9815C67F9900D80691 /* SystemConfiguration.framework in Frameworks */,
				5B482C9615C67F8E00D80691 /* Security.framework in Frameworks */,
				5B1BE9B315C2F06F00CD791C /* UIKit.framework in Frameworks */,
				5B1BE9B515C2F06F00CD791C /* Foundation.framework in Frameworks */,
				5B1BE9B715C2F06F00CD791C /* CoreGraphics.framework in Frameworks */,
			);
			runOnlyForDeploymentPostprocessing = 0;
		};
/* End PBXFrameworksBuildPhase section */

/* Begin PBXGroup section */
		5B1BE9A315C2F06E00CD791C = {
			isa = PBXGroup;
			children = (
				5B1BE9B815C2F06F00CD791C /* TastypieClient */,
				5B1BE9B115C2F06E00CD791C /* Frameworks */,
				5B1BE9AF15C2F06E00CD791C /* Products */,
			);
			sourceTree = "<group>";
		};
		5B1BE9AF15C2F06E00CD791C /* Products */ = {
			isa = PBXGroup;
			children = (
				5B1BE9AE15C2F06E00CD791C /* TastypieClient.app */,
			);
			name = Products;
			sourceTree = "<group>";
		};
		5B1BE9B115C2F06E00CD791C /* Frameworks */ = {
			isa = PBXGroup;
			children = (
				5B482C9915C67FA000D80691 /* CFNetwork.framework */,
				5B482C9715C67F9800D80691 /* SystemConfiguration.framework */,
				5B482C9515C67F8E00D80691 /* Security.framework */,
				5B1BE9B215C2F06F00CD791C /* UIKit.framework */,
				5B1BE9B415C2F06F00CD791C /* Foundation.framework */,
				5B1BE9B615C2F06F00CD791C /* CoreGraphics.framework */,
			);
			name = Frameworks;
			sourceTree = "<group>";
		};
		5B1BE9B815C2F06F00CD791C /* TastypieClient */ = {
			isa = PBXGroup;
			children = (
				5BEE44D315C94BAA0058B0A4 /* TBTabBarController.h */,
				5BEE44D415C94BAA0058B0A4 /* TBTabBarController.m */,
				5BEE44D515C94BAA0058B0A4 /* TBTabBarController.xib */,
				5B1F877115C6D48700CF1684 /* TBTableViewController.h */,
				5B1F877215C6D48700CF1684 /* TBTableViewController.m */,
				5B1F877315C6D48700CF1684 /* TBTableViewController.xib */,
				5B1F877615C6DD1600CF1684 /* TBDetailViewController.h */,
				5B1F877715C6DD1600CF1684 /* TBDetailViewController.m */,
				5B1F877815C6DD1600CF1684 /* TBDetailViewController.xib */,
				5B13D27915C7C93900C1985E /* TBAddViewController.h */,
				5B13D27A15C7C93900C1985E /* TBAddViewController.m */,
				5B13D27B15C7C93900C1985E /* TBAddViewController.xib */,
				5BEE44D915C94D9F0058B0A4 /* TBPrefViewController.h */,
				5BEE44DA15C94D9F0058B0A4 /* TBPrefViewController.m */,
				5BEE44DB15C94D9F0058B0A4 /* TBPrefViewController.xib */,
				5B4227E215C9823E000B6FE0 /* TBSignupViewController.h */,
				5B4227E315C9823E000B6FE0 /* TBSignupViewController.m */,
				5B4227E415C9823E000B6FE0 /* TBSignupViewController.xib */,
				5B482BC115C676B600D80691 /* 3rd party */,
				5B1BE9C115C2F06F00CD791C /* TBAppDelegate.h */,
				5B1BE9C215C2F06F00CD791C /* TBAppDelegate.m */,
				5B1BE9B915C2F06F00CD791C /* Supporting Files */,
				5B482C9015C677E200D80691 /* TastypieEngine.h */,
				5B482C9115C677E200D80691 /* TastypieEngine.m */,
			);
			path = TastypieClient;
			sourceTree = "<group>";
		};
		5B1BE9B915C2F06F00CD791C /* Supporting Files */ = {
			isa = PBXGroup;
			children = (
				5B1BE9BA15C2F06F00CD791C /* TastypieClient-Info.plist */,
				5B1BE9BB15C2F06F00CD791C /* InfoPlist.strings */,
				5B1BE9BE15C2F06F00CD791C /* main.m */,
				5B1BE9C015C2F06F00CD791C /* TastypieClient-Prefix.pch */,
			);
			name = "Supporting Files";
			sourceTree = "<group>";
		};
		5B482BC115C676B600D80691 /* 3rd party */ = {
			isa = PBXGroup;
			children = (
				5BB9E4C415C8BDC600825D7C /* MKNetworkKit */,
				5BB9E4BC15C8BD7B00825D7C /* JSONKit */,
				5BB9E4B415C8BD5500825D7C /* YRDropdownView */,
			);
			name = "3rd party";
			sourceTree = "<group>";
		};
		5BB9E4B415C8BD5500825D7C /* YRDropdownView */ = {
			isa = PBXGroup;
			children = (
				5BB9E4B515C8BD5500825D7C /* bg-yellow.png */,
				5BB9E4B615C8BD5500825D7C /* bg-yellow@2x.png */,
				5BB9E4B715C8BD5500825D7C /* YRDropdownView.h */,
				5BB9E4B815C8BD5500825D7C /* YRDropdownView.m */,
			);
			name = YRDropdownView;
			path = ../../3rd_party/YRDropdownView/YRDropdownView;
			sourceTree = "<group>";
		};
		5BB9E4BC15C8BD7B00825D7C /* JSONKit */ = {
			isa = PBXGroup;
			children = (
				5BB9E4BD15C8BD7B00825D7C /* CHANGELOG.md */,
				5BB9E4BE15C8BD7B00825D7C /* JSONKit.h */,
				5BB9E4BF15C8BD7B00825D7C /* JSONKit.m */,
				5BB9E4C015C8BD7B00825D7C /* README.md */,
			);
			name = JSONKit;
			path = ../../3rd_party/JSONKit;
			sourceTree = "<group>";
		};
		5BB9E4C415C8BDC600825D7C /* MKNetworkKit */ = {
			isa = PBXGroup;
			children = (
				5BB9E4C515C8BDC600825D7C /* Categories */,
				5BB9E4D015C8BDC600825D7C /* MKNetworkEngine.h */,
				5BB9E4D115C8BDC600825D7C /* MKNetworkEngine.m */,
				5BB9E4D215C8BDC600825D7C /* MKNetworkKit.h */,
				5BB9E4D315C8BDC600825D7C /* MKNetworkOperation.h */,
				5BB9E4D415C8BDC600825D7C /* MKNetworkOperation.m */,
				5BB9E4D515C8BDC600825D7C /* Reachability */,
			);
			name = MKNetworkKit;
			path = ../../3rd_party/MKNetworkKit/MKNetworkKit;
			sourceTree = "<group>";
		};
		5BB9E4C515C8BDC600825D7C /* Categories */ = {
			isa = PBXGroup;
			children = (
				5BB9E4C615C8BDC600825D7C /* NSData+Base64.h */,
				5BB9E4C715C8BDC600825D7C /* NSData+Base64.m */,
				5BB9E4C815C8BDC600825D7C /* NSDate+RFC1123.h */,
				5BB9E4C915C8BDC600825D7C /* NSDate+RFC1123.m */,
				5BB9E4CA15C8BDC600825D7C /* NSDictionary+RequestEncoding.h */,
				5BB9E4CB15C8BDC600825D7C /* NSDictionary+RequestEncoding.m */,
				5BB9E4CC15C8BDC600825D7C /* NSString+MKNetworkKitAdditions.h */,
				5BB9E4CD15C8BDC600825D7C /* NSString+MKNetworkKitAdditions.m */,
				5BB9E4CE15C8BDC600825D7C /* UIAlertView+MKNetworkKitAdditions.h */,
				5BB9E4CF15C8BDC600825D7C /* UIAlertView+MKNetworkKitAdditions.m */,
			);
			path = Categories;
			sourceTree = "<group>";
		};
		5BB9E4D515C8BDC600825D7C /* Reachability */ = {
			isa = PBXGroup;
			children = (
				5BB9E4D615C8BDC600825D7C /* Reachability.h */,
				5BB9E4D715C8BDC600825D7C /* Reachability.m */,
			);
			path = Reachability;
			sourceTree = "<group>";
		};
/* End PBXGroup section */

/* Begin PBXNativeTarget section */
		5B1BE9AD15C2F06E00CD791C /* TastypieClient */ = {
			isa = PBXNativeTarget;
			buildConfigurationList = 5B1BE9C615C2F06F00CD791C /* Build configuration list for PBXNativeTarget "TastypieClient" */;
			buildPhases = (
				5B1BE9AA15C2F06E00CD791C /* Sources */,
				5B1BE9AB15C2F06E00CD791C /* Frameworks */,
				5B1BE9AC15C2F06E00CD791C /* Resources */,
			);
			buildRules = (
			);
			dependencies = (
			);
			name = TastypieClient;
			productName = TastypieClient;
			productReference = 5B1BE9AE15C2F06E00CD791C /* TastypieClient.app */;
			productType = "com.apple.product-type.application";
		};
/* End PBXNativeTarget section */

/* Begin PBXProject section */
		5B1BE9A515C2F06E00CD791C /* Project object */ = {
			isa = PBXProject;
			attributes = {
				CLASSPREFIX = TB;
				LastUpgradeCheck = 0440;
				ORGANIZATIONNAME = "Martin Kautz";
			};
			buildConfigurationList = 5B1BE9A815C2F06E00CD791C /* Build configuration list for PBXProject "TastypieClient" */;
			compatibilityVersion = "Xcode 3.2";
			developmentRegion = English;
			hasScannedForEncodings = 0;
			knownRegions = (
				en,
			);
			mainGroup = 5B1BE9A315C2F06E00CD791C;
			productRefGroup = 5B1BE9AF15C2F06E00CD791C /* Products */;
			projectDirPath = "";
			projectRoot = "";
			targets = (
				5B1BE9AD15C2F06E00CD791C /* TastypieClient */,
			);
		};
/* End PBXProject section */

/* Begin PBXResourcesBuildPhase section */
		5B1BE9AC15C2F06E00CD791C /* Resources */ = {
			isa = PBXResourcesBuildPhase;
			buildActionMask = 2147483647;
			files = (
				5B1BE9BD15C2F06F00CD791C /* InfoPlist.strings in Resources */,
				5B1F877515C6D48700CF1684 /* TBTableViewController.xib in Resources */,
				5B1F877A15C6DD1700CF1684 /* TBDetailViewController.xib in Resources */,
				5B13D27D15C7C93900C1985E /* TBAddViewController.xib in Resources */,
				5BB9E4B915C8BD5500825D7C /* bg-yellow.png in Resources */,
				5BB9E4BA15C8BD5500825D7C /* bg-yellow@2x.png in Resources */,
				5BB9E4C115C8BD7B00825D7C /* CHANGELOG.md in Resources */,
				5BB9E4C315C8BD7B00825D7C /* README.md in Resources */,
				5BEE44D715C94BAA0058B0A4 /* TBTabBarController.xib in Resources */,
				5BEE44DD15C94DA00058B0A4 /* TBPrefViewController.xib in Resources */,
				5B4227E615C9823E000B6FE0 /* TBSignupViewController.xib in Resources */,
			);
			runOnlyForDeploymentPostprocessing = 0;
		};
/* End PBXResourcesBuildPhase section */

/* Begin PBXSourcesBuildPhase section */
		5B1BE9AA15C2F06E00CD791C /* Sources */ = {
			isa = PBXSourcesBuildPhase;
			buildActionMask = 2147483647;
			files = (
				5B1BE9BF15C2F06F00CD791C /* main.m in Sources */,
				5B1BE9C315C2F06F00CD791C /* TBAppDelegate.m in Sources */,
				5B482C9215C677E200D80691 /* TastypieEngine.m in Sources */,
				5B1F877415C6D48700CF1684 /* TBTableViewController.m in Sources */,
				5B1F877915C6DD1700CF1684 /* TBDetailViewController.m in Sources */,
				5B13D27C15C7C93900C1985E /* TBAddViewController.m in Sources */,
				5BB9E4BB15C8BD5500825D7C /* YRDropdownView.m in Sources */,
				5BB9E4C215C8BD7B00825D7C /* JSONKit.m in Sources */,
				5BB9E4D815C8BDC600825D7C /* NSData+Base64.m in Sources */,
				5BB9E4D915C8BDC600825D7C /* NSDate+RFC1123.m in Sources */,
				5BB9E4DA15C8BDC600825D7C /* NSDictionary+RequestEncoding.m in Sources */,
				5BB9E4DB15C8BDC600825D7C /* NSString+MKNetworkKitAdditions.m in Sources */,
				5BB9E4DC15C8BDC600825D7C /* UIAlertView+MKNetworkKitAdditions.m in Sources */,
				5BB9E4DD15C8BDC600825D7C /* MKNetworkEngine.m in Sources */,
				5BB9E4DE15C8BDC600825D7C /* MKNetworkOperation.m in Sources */,
				5BB9E4DF15C8BDC600825D7C /* Reachability.m in Sources */,
				5BEE44D615C94BAA0058B0A4 /* TBTabBarController.m in Sources */,
				5BEE44DC15C94DA00058B0A4 /* TBPrefViewController.m in Sources */,
				5B4227E515C9823E000B6FE0 /* TBSignupViewController.m in Sources */,
			);
			runOnlyForDeploymentPostprocessing = 0;
		};
/* End PBXSourcesBuildPhase section */

/* Begin PBXVariantGroup section */
		5B1BE9BB15C2F06F00CD791C /* InfoPlist.strings */ = {
			isa = PBXVariantGroup;
			children = (
				5B1BE9BC15C2F06F00CD791C /* en */,
			);
			name = InfoPlist.strings;
			sourceTree = "<group>";
		};
/* End PBXVariantGroup section */

/* Begin XCBuildConfiguration section */
		5B1BE9C415C2F06F00CD791C /* Debug */ = {
			isa = XCBuildConfiguration;
			buildSettings = {
				ALWAYS_SEARCH_USER_PATHS = NO;
				ARCHS = "$(ARCHS_STANDARD_32_BIT)";
				CLANG_CXX_LANGUAGE_STANDARD = "gnu++0x";
				CLANG_ENABLE_OBJC_ARC = YES;
				CLANG_WARN__DUPLICATE_METHOD_MATCH = YES;
				"CODE_SIGN_IDENTITY[sdk=iphoneos*]" = "iPhone Developer";
				COPY_PHASE_STRIP = NO;
				GCC_C_LANGUAGE_STANDARD = gnu99;
				GCC_DYNAMIC_NO_PIC = NO;
				GCC_OPTIMIZATION_LEVEL = 0;
				GCC_PREPROCESSOR_DEFINITIONS = (
					"DEBUG=1",
					"$(inherited)",
				);
				GCC_SYMBOLS_PRIVATE_EXTERN = NO;
				GCC_VERSION = com.apple.compilers.llvm.clang.1_0;
				GCC_WARN_ABOUT_RETURN_TYPE = YES;
				GCC_WARN_UNINITIALIZED_AUTOS = YES;
				GCC_WARN_UNUSED_VARIABLE = YES;
				IPHONEOS_DEPLOYMENT_TARGET = 5.1;
				SDKROOT = iphoneos;
			};
			name = Debug;
		};
		5B1BE9C515C2F06F00CD791C /* Release */ = {
			isa = XCBuildConfiguration;
			buildSettings = {
				ALWAYS_SEARCH_USER_PATHS = NO;
				ARCHS = "$(ARCHS_STANDARD_32_BIT)";
				CLANG_CXX_LANGUAGE_STANDARD = "gnu++0x";
				CLANG_ENABLE_OBJC_ARC = YES;
				CLANG_WARN__DUPLICATE_METHOD_MATCH = YES;
				"CODE_SIGN_IDENTITY[sdk=iphoneos*]" = "iPhone Developer";
				COPY_PHASE_STRIP = YES;
				GCC_C_LANGUAGE_STANDARD = gnu99;
				GCC_VERSION = com.apple.compilers.llvm.clang.1_0;
				GCC_WARN_ABOUT_RETURN_TYPE = YES;
				GCC_WARN_UNINITIALIZED_AUTOS = YES;
				GCC_WARN_UNUSED_VARIABLE = YES;
				IPHONEOS_DEPLOYMENT_TARGET = 5.1;
				OTHER_CFLAGS = "-DNS_BLOCK_ASSERTIONS=1";
				SDKROOT = iphoneos;
				VALIDATE_PRODUCT = YES;
			};
			name = Release;
		};
		5B1BE9C715C2F06F00CD791C /* Debug */ = {
			isa = XCBuildConfiguration;
			buildSettings = {
				GCC_PRECOMPILE_PREFIX_HEADER = YES;
				GCC_PREFIX_HEADER = "TastypieClient/TastypieClient-Prefix.pch";
				INFOPLIST_FILE = "TastypieClient/TastypieClient-Info.plist";
				PRODUCT_NAME = "$(TARGET_NAME)";
				WRAPPER_EXTENSION = app;
			};
			name = Debug;
		};
		5B1BE9C815C2F06F00CD791C /* Release */ = {
			isa = XCBuildConfiguration;
			buildSettings = {
				GCC_PRECOMPILE_PREFIX_HEADER = YES;
				GCC_PREFIX_HEADER = "TastypieClient/TastypieClient-Prefix.pch";
				INFOPLIST_FILE = "TastypieClient/TastypieClient-Info.plist";
				PRODUCT_NAME = "$(TARGET_NAME)";
				WRAPPER_EXTENSION = app;
			};
			name = Release;
		};
/* End XCBuildConfiguration section */

/* Begin XCConfigurationList section */
		5B1BE9A815C2F06E00CD791C /* Build configuration list for PBXProject "TastypieClient" */ = {
			isa = XCConfigurationList;
			buildConfigurations = (
				5B1BE9C415C2F06F00CD791C /* Debug */,
				5B1BE9C515C2F06F00CD791C /* Release */,
			);
			defaultConfigurationIsVisible = 0;
			defaultConfigurationName = Release;
		};
		5B1BE9C615C2F06F00CD791C /* Build configuration list for PBXNativeTarget "TastypieClient" */ = {
			isa = XCConfigurationList;
			buildConfigurations = (
				5B1BE9C715C2F06F00CD791C /* Debug */,
				5B1BE9C815C2F06F00CD791C /* Release */,
			);
			defaultConfigurationIsVisible = 0;
			defaultConfigurationName = Release;
		};
/* End XCConfigurationList section */
	};
	rootObject = 5B1BE9A515C2F06E00CD791C /* Project object */;
}
